{
  "version": 4,
  "terraform_version": "1.3.7",
  "serial": 6,
  "lineage": "69854eb6-fd09-d0f5-2961-919c8e697d07",
  "outputs": {},
  "resources": [
    {
      "mode": "managed",
      "type": "aws_instance",
      "name": "nic",
      "provider": "provider[\"registry.terraform.io/hashicorp/aws\"]",
      "instances": [
        {
          "status": "tainted",
          "schema_version": 1,
          "attributes": {
            "ami": "ami-00c39f71452c08778",
            "arn": "arn:aws:ec2:us-east-1:937717769751:instance/i-0dec1e7ba5b4a9ad9",
            "associate_public_ip_address": true,
            "availability_zone": "us-east-1a",
            "capacity_reservation_specification": [
              {
                "capacity_reservation_preference": "open",
                "capacity_reservation_target": []
              }
            ],
            "cpu_core_count": 1,
            "cpu_threads_per_core": 1,
            "credit_specification": [
              {
                "cpu_credits": "standard"
              }
            ],
            "disable_api_stop": false,
            "disable_api_termination": false,
            "ebs_block_device": [],
            "ebs_optimized": false,
            "enclave_options": [
              {
                "enabled": false
              }
            ],
            "ephemeral_block_device": [],
            "get_password_data": false,
            "hibernation": false,
            "host_id": "",
            "host_resource_group_arn": null,
            "iam_instance_profile": "",
            "id": "i-0dec1e7ba5b4a9ad9",
            "instance_initiated_shutdown_behavior": "stop",
            "instance_state": "running",
            "instance_type": "t2.micro",
            "ipv6_address_count": 0,
            "ipv6_addresses": [],
            "key_name": "new117",
            "launch_template": [],
            "maintenance_options": [
              {
                "auto_recovery": "default"
              }
            ],
            "metadata_options": [
              {
                "http_endpoint": "enabled",
                "http_put_response_hop_limit": 2,
                "http_tokens": "required",
                "instance_metadata_tags": "disabled"
              }
            ],
            "monitoring": false,
            "network_interface": [],
            "outpost_arn": "",
            "password_data": "",
            "placement_group": "",
            "placement_partition_number": 0,
            "primary_network_interface_id": "eni-0c1f25e7901e7b407",
            "private_dns": "ip-172-31-21-117.ec2.internal",
            "private_dns_name_options": [
              {
                "enable_resource_name_dns_a_record": false,
                "enable_resource_name_dns_aaaa_record": false,
                "hostname_type": "ip-name"
              }
            ],
            "private_ip": "172.31.21.117",
            "public_dns": "ec2-54-82-69-41.compute-1.amazonaws.com",
            "public_ip": "54.82.69.41",
            "root_block_device": [
              {
                "delete_on_termination": true,
                "device_name": "/dev/xvda",
                "encrypted": false,
                "iops": 3000,
                "kms_key_id": "",
                "tags": {},
                "throughput": 125,
                "volume_id": "vol-06053a63d47e3f626",
                "volume_size": 8,
                "volume_type": "gp3"
              }
            ],
            "secondary_private_ips": [],
            "security_groups": [
              "default"
            ],
            "source_dest_check": true,
            "subnet_id": "subnet-0d49048410922607e",
            "tags": {
              "Name": "doveinstance"
            },
            "tags_all": {
              "Name": "doveinstance"
            },
            "tenancy": "default",
            "timeouts": null,
            "user_data": null,
            "user_data_base64": null,
            "user_data_replace_on_change": false,
            "volume_tags": null,
            "vpc_security_group_ids": [
              "sg-0c23f098be944adf7"
            ]
          },
          "sensitive_attributes": [],
          "private": "eyJlMmJmYjczMC1lY2FhLTExZTYtOGY4OC0zNDM2M2JjN2M0YzAiOnsiY3JlYXRlIjo2MDAwMDAwMDAwMDAsImRlbGV0ZSI6MTIwMDAwMDAwMDAwMCwidXBkYXRlIjo2MDAwMDAwMDAwMDB9LCJzY2hlbWFfdmVyc2lvbiI6IjEifQ==",
          "dependencies": [
            "aws_key_pair.new117"
          ]
        }
      ]
    },
    {
      "mode": "managed",
      "type": "aws_key_pair",
      "name": "new117",
      "provider": "provider[\"registry.terraform.io/hashicorp/aws\"]",
      "instances": [
        {
          "schema_version": 1,
          "attributes": {
            "arn": "arn:aws:ec2:us-east-1:937717769751:key-pair/new117",
            "fingerprint": "39:79:2c:9c:ac:2b:3b:f2:5f:77:de:41:ac:59:cf:4e",
            "id": "new117",
            "key_name": "new117",
            "key_name_prefix": "",
            "key_pair_id": "key-0317086df0c1818d3",
            "key_type": "rsa",
            "public_key": "ssh-rsa AAAAB3NzaC1yc2EAAAADAQABAAABgQCfdnCkI8/Q3LF8fjCfMLMDi8FGtpY4dY+2IaWLdymnW7Cq1VQdwpr+hZ97BWtkIIO5d6y1IU0yDY+NRmcwKdNebADGDWzNRXZ0V1tJDQe6JnBk48SF3uaDM+QKOR9OGnsVKtBtvOdNZ3CqRZPnbyTJa/o5pJ2oyl/S+jvelDMbLD/2TckJ86m+Bzzdns/o60sPzgtw8f3sW8Tg81W1q3aLd5rYTO9IBhAg1PbqUdvugb4OysQ5Yy5hLdqOwxh9w/11MSjUAdXzZKkyDjkfd/k48+6bjAVA6QbqTwmz/LXZpFMp5TWwYHo2Peiy2VQACPt97WBlh/Lzgq5GSOdwXyGOsm36/Su7iEWwgcnU/12CQYrsBKpTArnh5bhwjsUJ3KR7d3i6yVwN0wtZcdmf9AFRyjnjpa+2i66RePJLteFl8LNyZZQWZEaAa6pmRumfh40K8cV+Kk2kfejEWEj0LLPer8Tn426yUwXgg9+W33jmgfMX6dcesMhTCB9wvDrgySM= redington\\manu.madhu@Man13940-NB",
            "tags": {},
            "tags_all": {}
          },
          "sensitive_attributes": [],
          "private": "eyJzY2hlbWFfdmVyc2lvbiI6IjEifQ=="
        }
      ]
    }
  ],
  "check_results": null
}
